
Microsoft Visual Studio Solution File, Format Version 12.00
# Visual Studio 2012
Project("{FAE04EC0-301F-11D3-BF4B-00C04F79EFBC}") = "CC.MT.Public.Election", "CC.MT.Public.Election\CC.MT.Public.Election.csproj", "{64C7DD93-C4BD-4260-A902-0AAAD3B2257A}"
EndProject
Global
	GlobalSection(SolutionConfigurationPlatforms) = preSolution
		Debug|Any CPU = Debug|Any CPU
		Release|Any CPU = Release|Any CPU
	EndGlobalSection
	GlobalSection(ProjectConfigurationPlatforms) = postSolution
		{64C7DD93-C4BD-4260-A902-0AAAD3B2257A}.Debug|Any CPU.ActiveCfg = Debug|Any CPU
		{64C7DD93-C4BD-4260-A902-0AAAD3B2257A}.Debug|Any CPU.Build.0 = Debug|Any CPU
		{64C7DD93-C4BD-4260-A902-0AAAD3B2257A}.Release|Any CPU.ActiveCfg = Release|Any CPU
		{64C7DD93-C4BD-4260-A902-0AAAD3B2257A}.Release|Any CPU.Build.0 = Release|Any CPU
	EndGlobalSection
	GlobalSection(SolutionProperties) = preSolution
		HideSolutionNode = FALSE
	EndGlobalSection
EndGlobal
